
Microsoft Visual Studio Solution File, Format Version 12.00
# Visual Studio Version 17
VisualStudioVersion = 17.12.35527.113 d17.12
MinimumVisualStudioVersion = 10.0.40219.1
Project("{FAE04EC0-301F-11D3-BF4B-00C04F79EFBC}") = "TFN-Validator.Server", "TFN-Validator.Server\TFN-Validator.Server.csproj", "{B5E3355C-6E83-46F0-B158-0FFEB7FCC8EE}"
EndProject
Project("{54A90642-561A-4BB1-A94E-469ADEE60C69}") = "tfn-validator.client", "tfn-validator.client\tfn-validator.client.esproj", "{8E9CEE38-9F55-4E30-9242-C5118AA436AE}"
EndProject
Global
	GlobalSection(SolutionConfigurationPlatforms) = preSolution
		Debug|Any CPU = Debug|Any CPU
		Release|Any CPU = Release|Any CPU
	EndGlobalSection
	GlobalSection(ProjectConfigurationPlatforms) = postSolution
		{B5E3355C-6E83-46F0-B158-0FFEB7FCC8EE}.Debug|Any CPU.ActiveCfg = Debug|Any CPU
		{B5E3355C-6E83-46F0-B158-0FFEB7FCC8EE}.Debug|Any CPU.Build.0 = Debug|Any CPU
		{B5E3355C-6E83-46F0-B158-0FFEB7FCC8EE}.Release|Any CPU.ActiveCfg = Release|Any CPU
		{B5E3355C-6E83-46F0-B158-0FFEB7FCC8EE}.Release|Any CPU.Build.0 = Release|Any CPU
		{8E9CEE38-9F55-4E30-9242-C5118AA436AE}.Debug|Any CPU.ActiveCfg = Debug|Any CPU
		{8E9CEE38-9F55-4E30-9242-C5118AA436AE}.Debug|Any CPU.Build.0 = Debug|Any CPU
		{8E9CEE38-9F55-4E30-9242-C5118AA436AE}.Debug|Any CPU.Deploy.0 = Debug|Any CPU
		{8E9CEE38-9F55-4E30-9242-C5118AA436AE}.Release|Any CPU.ActiveCfg = Release|Any CPU
		{8E9CEE38-9F55-4E30-9242-C5118AA436AE}.Release|Any CPU.Build.0 = Release|Any CPU
		{8E9CEE38-9F55-4E30-9242-C5118AA436AE}.Release|Any CPU.Deploy.0 = Release|Any CPU
	EndGlobalSection
	GlobalSection(SolutionProperties) = preSolution
		HideSolutionNode = FALSE
	EndGlobalSection
EndGlobal
